
Microsoft Visual Studio Solution File, Format Version 12.00
# Visual Studio Version 17
VisualStudioVersion = 17.0.31903.59
MinimumVisualStudioVersion = 10.0.40219.1
Project("{2150E333-8FDC-42A3-9474-1A3956D46DE8}") = "src", "src", "{5C4375D2-DA5B-4DEC-95A2-3521854FEB2B}"
EndProject
Project("{FAE04EC0-301F-11D3-BF4B-00C04F79EFBC}") = "LiveSplit.RainbowTimer", "src\LiveSplit.RainbowTimer\LiveSplit.RainbowTimer.csproj", "{687BD159-0CA2-4276-BFE7-219BDA1FC5C3}"
EndProject
Project("{FAE04EC0-301F-11D3-BF4B-00C04F79EFBC}") = "UpdateManager", "..\..\src\UpdateManager\UpdateManager.csproj", "{02394A5D-30BF-901F-96AB-3BCAB63CD7C1}"
EndProject
Project("{FAE04EC0-301F-11D3-BF4B-00C04F79EFBC}") = "LiveSplit.Core", "..\..\src\LiveSplit.Core\LiveSplit.Core.csproj", "{1B9D7C18-C194-8812-0D2B-5B9E54B9EC46}"
EndProject
Global
	GlobalSection(SolutionConfigurationPlatforms) = preSolution
		Debug|Any CPU = Debug|Any CPU
		Release|Any CPU = Release|Any CPU
	EndGlobalSection
	GlobalSection(ProjectConfigurationPlatforms) = postSolution
		{687BD159-0CA2-4276-BFE7-219BDA1FC5C3}.Debug|Any CPU.ActiveCfg = Debug|Any CPU
		{687BD159-0CA2-4276-BFE7-219BDA1FC5C3}.Debug|Any CPU.Build.0 = Debug|Any CPU
		{687BD159-0CA2-4276-BFE7-219BDA1FC5C3}.Release|Any CPU.ActiveCfg = Release|Any CPU
		{687BD159-0CA2-4276-BFE7-219BDA1FC5C3}.Release|Any CPU.Build.0 = Release|Any CPU
		{02394A5D-30BF-901F-96AB-3BCAB63CD7C1}.Debug|Any CPU.ActiveCfg = Debug|Any CPU
		{02394A5D-30BF-901F-96AB-3BCAB63CD7C1}.Debug|Any CPU.Build.0 = Debug|Any CPU
		{02394A5D-30BF-901F-96AB-3BCAB63CD7C1}.Release|Any CPU.ActiveCfg = Release|Any CPU
		{02394A5D-30BF-901F-96AB-3BCAB63CD7C1}.Release|Any CPU.Build.0 = Release|Any CPU
		{1B9D7C18-C194-8812-0D2B-5B9E54B9EC46}.Debug|Any CPU.ActiveCfg = Debug|Any CPU
		{1B9D7C18-C194-8812-0D2B-5B9E54B9EC46}.Debug|Any CPU.Build.0 = Debug|Any CPU
		{1B9D7C18-C194-8812-0D2B-5B9E54B9EC46}.Release|Any CPU.ActiveCfg = Release|Any CPU
		{1B9D7C18-C194-8812-0D2B-5B9E54B9EC46}.Release|Any CPU.Build.0 = Release|Any CPU
	EndGlobalSection
	GlobalSection(SolutionProperties) = preSolution
		HideSolutionNode = FALSE
	EndGlobalSection
	GlobalSection(NestedProjects) = preSolution
		{687BD159-0CA2-4276-BFE7-219BDA1FC5C3} = {5C4375D2-DA5B-4DEC-95A2-3521854FEB2B}
	EndGlobalSection
EndGlobal
